// !$*UTF8*$!
{
	archiveVersion = 1;
	classes = {
	};
	objectVersion = 50;
	objects = {

/* Begin PBXBuildFile section */
		034D73CA21071E56008F1570 /* AppDelegate.m in Sources */ = {isa = PBXBuildFile; fileRef = 034D73C921071E56008F1570 /* AppDelegate.m */; };
		034D73CD21071E56008F1570 /* ViewController.m in Sources */ = {isa = PBXBuildFile; fileRef = 034D73CC21071E56008F1570 /* ViewController.m */; };
		034D73D021071E56008F1570 /* Main.storyboard in Resources */ = {isa = PBXBuildFile; fileRef = 034D73CE21071E56008F1570 /* Main.storyboard */; };
		034D73D221071E57008F1570 /* Assets.xcassets in Resources */ = {isa = PBXBuildFile; fileRef = 034D73D121071E57008F1570 /* Assets.xcassets */; };
		034D73D521071E57008F1570 /* LaunchScreen.storyboard in Resources */ = {isa = PBXBuildFile; fileRef = 034D73D321071E57008F1570 /* LaunchScreen.storyboard */; };
		034D73D821071E57008F1570 /* main.m in Sources */ = {isa = PBXBuildFile; fileRef = 034D73D721071E57008F1570 /* main.m */; };
		03F463B62108607300B56689 /* libz.tbd in Frameworks */ = {isa = PBXBuildFile; fileRef = 03F463B52108607300B56689 /* libz.tbd */; };
		C05170E512AFD6FCACAB3D80 /* Pods_VlcDemo.framework in Frameworks */ = {isa = PBXBuildFile; fileRef = 0C2EC27F606F326423609CCF /* Pods_VlcDemo.framework */; };
/* End PBXBuildFile section */

/* Begin PBXFileReference section */
		034D73C521071E56008F1570 /* VlcDemo.app */ = {isa = PBXFileReference; explicitFileType = wrapper.application; includeInIndex = 0; path = VlcDemo.app; sourceTree = BUILT_PRODUCTS_DIR; };
		034D73C821071E56008F1570 /* AppDelegate.h */ = {isa = PBXFileReference; lastKnownFileType = sourcecode.c.h; path = AppDelegate.h; sourceTree = "<group>"; };
		034D73C921071E56008F1570 /* AppDelegate.m */ = {isa = PBXFileReference; lastKnownFileType = sourcecode.c.objc; path = AppDelegate.m; sourceTree = "<group>"; };
		034D73CB21071E56008F1570 /* ViewController.h */ = {isa = PBXFileReference; lastKnownFileType = sourcecode.c.h; path = ViewController.h; sourceTree = "<group>"; };
		034D73CC21071E56008F1570 /* ViewController.m */ = {isa = PBXFileReference; lastKnownFileType = sourcecode.c.objc; path = ViewController.m; sourceTree = "<group>"; };
		034D73CF21071E56008F1570 /* Base */ = {isa = PBXFileReference; lastKnownFileType = file.storyboard; name = Base; path = Base.lproj/Main.storyboard; sourceTree = "<group>"; };
		034D73D121071E57008F1570 /* Assets.xcassets */ = {isa = PBXFileReference; lastKnownFileType = folder.assetcatalog; path = Assets.xcassets; sourceTree = "<group>"; };
		034D73D421071E57008F1570 /* Base */ = {isa = PBXFileReference; lastKnownFileType = file.storyboard; name = Base; path = Base.lproj/LaunchScreen.storyboard; sourceTree = "<group>"; };
		034D73D621071E57008F1570 /* Info.plist */ = {isa = PBXFileReference; lastKnownFileType = text.plist.xml; path = Info.plist; sourceTree = "<group>"; };
		034D73D721071E57008F1570 /* main.m */ = {isa = PBXFileReference; lastKnownFileType = sourcecode.c.objc; path = main.m; sourceTree = "<group>"; };
		03591849210806A800773AEE /* AVFoundation.framework */ = {isa = PBXFileReference; lastKnownFileType = wrapper.framework; name = AVFoundation.framework; path = System/Library/Frameworks/AVFoundation.framework; sourceTree = SDKROOT; };
		035918D021080B9100773AEE /* libiconv.tbd */ = {isa = PBXFileReference; lastKnownFileType = "sourcecode.text-based-dylib-definition"; name = libiconv.tbd; path = usr/lib/libiconv.tbd; sourceTree = SDKROOT; };
		035918D221080BA300773AEE /* libbz2.tbd */ = {isa = PBXFileReference; lastKnownFileType = "sourcecode.text-based-dylib-definition"; name = libbz2.tbd; path = usr/lib/libbz2.tbd; sourceTree = SDKROOT; };
		035918D421080BAE00773AEE /* VideoToolbox.framework */ = {isa = PBXFileReference; lastKnownFileType = wrapper.framework; name = VideoToolbox.framework; path = System/Library/Frameworks/VideoToolbox.framework; sourceTree = SDKROOT; };
		035918D621080BBA00773AEE /* CoreGraphics.framework */ = {isa = PBXFileReference; lastKnownFileType = wrapper.framework; name = CoreGraphics.framework; path = System/Library/Frameworks/CoreGraphics.framework; sourceTree = SDKROOT; };
		035918D821080BC600773AEE /* CoreMedia.framework */ = {isa = PBXFileReference; lastKnownFileType = wrapper.framework; name = CoreMedia.framework; path = System/Library/Frameworks/CoreMedia.framework; sourceTree = SDKROOT; };
		03F463B52108607300B56689 /* libz.tbd */ = {isa = PBXFileReference; lastKnownFileType = "sourcecode.text-based-dylib-definition"; name = libz.tbd; path = usr/lib/libz.tbd; sourceTree = SDKROOT; };
		0C2EC27F606F326423609CCF /* Pods_VlcDemo.framework */ = {isa = PBXFileReference; explicitFileType = wrapper.framework; includeInIndex = 0; path = Pods_VlcDemo.framework; sourceTree = BUILT_PRODUCTS_DIR; };
		2AB6C14FCA7DB9B967C3D007 /* Pods-VlcDemo.release.xcconfig */ = {isa = PBXFileReference; includeInIndex = 1; lastKnownFileType = text.xcconfig; name = "Pods-VlcDemo.release.xcconfig"; path = "Pods/Target Support Files/Pods-VlcDemo/Pods-VlcDemo.release.xcconfig"; sourceTree = "<group>"; };
		4DA0739C100508DA01E31178 /* Pods-VlcDemo.debug.xcconfig */ = {isa = PBXFileReference; includeInIndex = 1; lastKnownFileType = text.xcconfig; name = "Pods-VlcDemo.debug.xcconfig"; path = "Pods/Target Support Files/Pods-VlcDemo/Pods-VlcDemo.debug.xcconfig"; sourceTree = "<group>"; };
/* End PBXFileReference section */

/* Begin PBXFrameworksBuildPhase section */
		034D73C221071E56008F1570 /* Frameworks */ = {
			isa = PBXFrameworksBuildPhase;
			buildActionMask = 2147483647;
			files = (
				03F463B62108607300B56689 /* libz.tbd in Frameworks */,
				C05170E512AFD6FCACAB3D80 /* Pods_VlcDemo.framework in Frameworks */,
			);
			runOnlyForDeploymentPostprocessing = 0;
		};
/* End PBXFrameworksBuildPhase section */

/* Begin PBXGroup section */
		034D73BC21071E56008F1570 = {
			isa = PBXGroup;
			children = (
				034D73C721071E56008F1570 /* VlcDemo */,
				034D73C621071E56008F1570 /* Products */,
				C39B22CB72F3BF380069BD60 /* Pods */,
				B492739EF6BBCA5B78B1C357 /* Frameworks */,
			);
			sourceTree = "<group>";
		};
		034D73C621071E56008F1570 /* Products */ = {
			isa = PBXGroup;
			children = (
				034D73C521071E56008F1570 /* VlcDemo.app */,
			);
			name = Products;
			sourceTree = "<group>";
		};
		034D73C721071E56008F1570 /* VlcDemo */ = {
			isa = PBXGroup;
			children = (
				034D73C821071E56008F1570 /* AppDelegate.h */,
				034D73C921071E56008F1570 /* AppDelegate.m */,
				034D73CB21071E56008F1570 /* ViewController.h */,
				034D73CC21071E56008F1570 /* ViewController.m */,
				034D73CE21071E56008F1570 /* Main.storyboard */,
				034D73D121071E57008F1570 /* Assets.xcassets */,
				034D73D321071E57008F1570 /* LaunchScreen.storyboard */,
				034D73D621071E57008F1570 /* Info.plist */,
				034D73D721071E57008F1570 /* main.m */,
			);
			path = VlcDemo;
			sourceTree = "<group>";
		};
		B492739EF6BBCA5B78B1C357 /* Frameworks */ = {
			isa = PBXGroup;
			children = (
				03F463B52108607300B56689 /* libz.tbd */,
				035918D821080BC600773AEE /* CoreMedia.framework */,
				035918D621080BBA00773AEE /* CoreGraphics.framework */,
				035918D421080BAE00773AEE /* VideoToolbox.framework */,
				035918D221080BA300773AEE /* libbz2.tbd */,
				035918D021080B9100773AEE /* libiconv.tbd */,
				03591849210806A800773AEE /* AVFoundation.framework */,
				0C2EC27F606F326423609CCF /* Pods_VlcDemo.framework */,
			);
			name = Frameworks;
			sourceTree = "<group>";
		};
		C39B22CB72F3BF380069BD60 /* Pods */ = {
			isa = PBXGroup;
			children = (
				4DA0739C100508DA01E31178 /* Pods-VlcDemo.debug.xcconfig */,
				2AB6C14FCA7DB9B967C3D007 /* Pods-VlcDemo.release.xcconfig */,
			);
			name = Pods;
			sourceTree = "<group>";
		};
/* End PBXGroup section */

/* Begin PBXNativeTarget section */
		034D73C421071E56008F1570 /* VlcDemo */ = {
			isa = PBXNativeTarget;
			buildConfigurationList = 034D73DB21071E57008F1570 /* Build configuration list for PBXNativeTarget "VlcDemo" */;
			buildPhases = (
				BF6B6A57876E7BA68AD43FF0 /* [CP] Check Pods Manifest.lock */,
				034D73C121071E56008F1570 /* Sources */,
				034D73C221071E56008F1570 /* Frameworks */,
				034D73C321071E56008F1570 /* Resources */,
			);
			buildRules = (
			);
			dependencies = (
			);
			name = VlcDemo;
			productName = VlcDemo;
			productReference = 034D73C521071E56008F1570 /* VlcDemo.app */;
			productType = "com.apple.product-type.application";
		};
/* End PBXNativeTarget section */

/* Begin PBXProject section */
		034D73BD21071E56008F1570 /* Project object */ = {
			isa = PBXProject;
			attributes = {
				LastUpgradeCheck = 0940;
				ORGANIZATIONNAME = "高小伟";
				TargetAttributes = {
					034D73C421071E56008F1570 = {
						CreatedOnToolsVersion = 9.4.1;
					};
				};
			};
			buildConfigurationList = 034D73C021071E56008F1570 /* Build configuration list for PBXProject "VlcDemo" */;
			compatibilityVersion = "Xcode 9.3";
			developmentRegion = en;
			hasScannedForEncodings = 0;
			knownRegions = (
				en,
				Base,
			);
			mainGroup = 034D73BC21071E56008F1570;
			productRefGroup = 034D73C621071E56008F1570 /* Products */;
			projectDirPath = "";
			projectRoot = "";
			targets = (
				034D73C421071E56008F1570 /* VlcDemo */,
			);
		};
/* End PBXProject section */

/* Begin PBXResourcesBuildPhase section */
		034D73C321071E56008F1570 /* Resources */ = {
			isa = PBXResourcesBuildPhase;
			buildActionMask = 2147483647;
			files = (
				034D73D521071E57008F1570 /* LaunchScreen.storyboard in Resources */,
				034D73D221071E57008F1570 /* Assets.xcassets in Resources */,
				034D73D021071E56008F1570 /* Main.storyboard in Resources */,
			);
			runOnlyForDeploymentPostprocessing = 0;
		};
/* End PBXResourcesBuildPhase section */

/* Begin PBXShellScriptBuildPhase section */
		BF6B6A57876E7BA68AD43FF0 /* [CP] Check Pods Manifest.lock */ = {
			isa = PBXShellScriptBuildPhase;
			buildActionMask = 2147483647;
			files = (
			);
			inputPaths = (
				"${PODS_PODFILE_DIR_PATH}/Podfile.lock",
				"${PODS_ROOT}/Manifest.lock",
			);
			name = "[CP] Check Pods Manifest.lock";
			outputPaths = (
				"$(DERIVED_FILE_DIR)/Pods-VlcDemo-checkManifestLockResult.txt",
			);
			runOnlyForDeploymentPostprocessing = 0;
			shellPath = /bin/sh;
			shellScript = "diff \"${PODS_PODFILE_DIR_PATH}/Podfile.lock\" \"${PODS_ROOT}/Manifest.lock\" > /dev/null\nif [ $? != 0 ] ; then\n    # print error to STDERR\n    echo \"error: The sandbox is not in sync with the Podfile.lock. Run 'pod install' or update your CocoaPods installation.\" >&2\n    exit 1\nfi\n# This output is used by Xcode 'outputs' to avoid re-running this script phase.\necho \"SUCCESS\" > \"${SCRIPT_OUTPUT_FILE_0}\"\n";
			showEnvVarsInLog = 0;
		};
/* End PBXShellScriptBuildPhase section */

/* Begin PBXSourcesBuildPhase section */
		034D73C121071E56008F1570 /* Sources */ = {
			isa = PBXSourcesBuildPhase;
			buildActionMask = 2147483647;
			files = (
				034D73CD21071E56008F1570 /* ViewController.m in Sources */,
				034D73D821071E57008F1570 /* main.m in Sources */,
				034D73CA21071E56008F1570 /* AppDelegate.m in Sources */,
			);
			runOnlyForDeploymentPostprocessing = 0;
		};
/* End PBXSourcesBuildPhase section */

/* Begin PBXVariantGroup section */
		034D73CE21071E56008F1570 /* Main.storyboard */ = {
			isa = PBXVariantGroup;
			children = (
				034D73CF21071E56008F1570 /* Base */,
			);
			name = Main.storyboard;
			sourceTree = "<group>";
		};
		034D73D321071E57008F1570 /* LaunchScreen.storyboard */ = {
			isa = PBXVariantGroup;
			children = (
				034D73D421071E57008F1570 /* Base */,
			);
			name = LaunchScreen.storyboard;
			sourceTree = "<group>";
		};
/* End PBXVariantGroup section */

/* Begin XCBuildConfiguration section */
		034D73D921071E57008F1570 /* Debug */ = {
			isa = XCBuildConfiguration;
			buildSettings = {
				ALWAYS_SEARCH_USER_PATHS = NO;
				CLANG_ANALYZER_NONNULL = YES;
				CLANG_ANALYZER_NUMBER_OBJECT_CONVERSION = YES_AGGRESSIVE;
				CLANG_CXX_LANGUAGE_STANDARD = "gnu++14";
				CLANG_CXX_LIBRARY = "libc++";
				CLANG_ENABLE_MODULES = YES;
				CLANG_ENABLE_OBJC_ARC = YES;
				CLANG_ENABLE_OBJC_WEAK = YES;
				CLANG_WARN_BLOCK_CAPTURE_AUTORELEASING = YES;
				CLANG_WARN_BOOL_CONVERSION = YES;
				CLANG_WARN_COMMA = YES;
				CLANG_WARN_CONSTANT_CONVERSION = YES;
				CLANG_WARN_DEPRECATED_OBJC_IMPLEMENTATIONS = YES;
				CLANG_WARN_DIRECT_OBJC_ISA_USAGE = YES_ERROR;
				CLANG_WARN_DOCUMENTATION_COMMENTS = YES;
				CLANG_WARN_EMPTY_BODY = YES;
				CLANG_WARN_ENUM_CONVERSION = YES;
				CLANG_WARN_INFINITE_RECURSION = YES;
				CLANG_WARN_INT_CONVERSION = YES;
				CLANG_WARN_NON_LITERAL_NULL_CONVERSION = YES;
				CLANG_WARN_OBJC_IMPLICIT_RETAIN_SELF = YES;
				CLANG_WARN_OBJC_LITERAL_CONVERSION = YES;
				CLANG_WARN_OBJC_ROOT_CLASS = YES_ERROR;
				CLANG_WARN_RANGE_LOOP_ANALYSIS = YES;
				CLANG_WARN_STRICT_PROTOTYPES = YES;
				CLANG_WARN_SUSPICIOUS_MOVE = YES;
				CLANG_WARN_UNGUARDED_AVAILABILITY = YES_AGGRESSIVE;
				CLANG_WARN_UNREACHABLE_CODE = YES;
				CLANG_WARN__DUPLICATE_METHOD_MATCH = YES;
				CODE_SIGN_IDENTITY = "iPhone Developer";
				COPY_PHASE_STRIP = NO;
				DEBUG_INFORMATION_FORMAT = dwarf;
				ENABLE_STRICT_OBJC_MSGSEND = YES;
				ENABLE_TESTABILITY = YES;
				GCC_C_LANGUAGE_STANDARD = gnu11;
				GCC_DYNAMIC_NO_PIC = NO;
				GCC_NO_COMMON_BLOCKS = YES;
				GCC_OPTIMIZATION_LEVEL = 0;
				GCC_PREPROCESSOR_DEFINITIONS = (
					"DEBUG=1",
					"$(inherited)",
				);
				GCC_WARN_64_TO_32_BIT_CONVERSION = YES;
				GCC_WARN_ABOUT_RETURN_TYPE = YES_ERROR;
				GCC_WARN_UNDECLARED_SELECTOR = YES;
				GCC_WARN_UNINITIALIZED_AUTOS = YES_AGGRESSIVE;
				GCC_WARN_UNUSED_FUNCTION = YES;
				GCC_WARN_UNUSED_VARIABLE = YES;
				IPHONEOS_DEPLOYMENT_TARGET = 11.4;
				MTL_ENABLE_DEBUG_INFO = YES;
				ONLY_ACTIVE_ARCH = YES;
				SDKROOT = iphoneos;
			};
			name = Debug;
		};
		034D73DA21071E57008F1570 /* Release */ = {
			isa = XCBuildConfiguration;
			buildSettings = {
				ALWAYS_SEARCH_USER_PATHS = NO;
				CLANG_ANALYZER_NONNULL = YES;
				CLANG_ANALYZER_NUMBER_OBJECT_CONVERSION = YES_AGGRESSIVE;
				CLANG_CXX_LANGUAGE_STANDARD = "gnu++14";
				CLANG_CXX_LIBRARY = "libc++";
				CLANG_ENABLE_MODULES = YES;
				CLANG_ENABLE_OBJC_ARC = YES;
				CLANG_ENABLE_OBJC_WEAK = YES;
				CLANG_WARN_BLOCK_CAPTURE_AUTORELEASING = YES;
				CLANG_WARN_BOOL_CONVERSION = YES;
				CLANG_WARN_COMMA = YES;
				CLANG_WARN_CONSTANT_CONVERSION = YES;
				CLANG_WARN_DEPRECATED_OBJC_IMPLEMENTATIONS = YES;
				CLANG_WARN_DIRECT_OBJC_ISA_USAGE = YES_ERROR;
				CLANG_WARN_DOCUMENTATION_COMMENTS = YES;
				CLANG_WARN_EMPTY_BODY = YES;
				CLANG_WARN_ENUM_CONVERSION = YES;
				CLANG_WARN_INFINITE_RECURSION = YES;
				CLANG_WARN_INT_CONVERSION = YES;
				CLANG_WARN_NON_LITERAL_NULL_CONVERSION = YES;
				CLANG_WARN_OBJC_IMPLICIT_RETAIN_SELF = YES;
				CLANG_WARN_OBJC_LITERAL_CONVERSION = YES;
				CLANG_WARN_OBJC_ROOT_CLASS = YES_ERROR;
				CLANG_WARN_RANGE_LOOP_ANALYSIS = YES;
				CLANG_WARN_STRICT_PROTOTYPES = YES;
				CLANG_WARN_SUSPICIOUS_MOVE = YES;
				CLANG_WARN_UNGUARDED_AVAILABILITY = YES_AGGRESSIVE;
				CLANG_WARN_UNREACHABLE_CODE = YES;
				CLANG_WARN__DUPLICATE_METHOD_MATCH = YES;
				CODE_SIGN_IDENTITY = "iPhone Developer";
				COPY_PHASE_STRIP = NO;
				DEBUG_INFORMATION_FORMAT = "dwarf-with-dsym";
				ENABLE_NS_ASSERTIONS = NO;
				ENABLE_STRICT_OBJC_MSGSEND = YES;
				GCC_C_LANGUAGE_STANDARD = gnu11;
				GCC_NO_COMMON_BLOCKS = YES;
				GCC_WARN_64_TO_32_BIT_CONVERSION = YES;
				GCC_WARN_ABOUT_RETURN_TYPE = YES_ERROR;
				GCC_WARN_UNDECLARED_SELECTOR = YES;
				GCC_WARN_UNINITIALIZED_AUTOS = YES_AGGRESSIVE;
				GCC_WARN_UNUSED_FUNCTION = YES;
				GCC_WARN_UNUSED_VARIABLE = YES;
				IPHONEOS_DEPLOYMENT_TARGET = 11.4;
				MTL_ENABLE_DEBUG_INFO = NO;
				SDKROOT = iphoneos;
				VALIDATE_PRODUCT = YES;
			};
			name = Release;
		};
		034D73DC21071E57008F1570 /* Debug */ = {
			isa = XCBuildConfiguration;
			baseConfigurationReference = 4DA0739C100508DA01E31178 /* Pods-VlcDemo.debug.xcconfig */;
			buildSettings = {
				ASSETCATALOG_COMPILER_APPICON_NAME = AppIcon;
				CODE_SIGN_STYLE = Automatic;
				DEVELOPMENT_TEAM = 66X66NDTEY;
				ENABLE_BITCODE = NO;
				INFOPLIST_FILE = VlcDemo/Info.plist;
				LD_RUNPATH_SEARCH_PATHS = (
					"$(inherited)",
					"@executable_path/Frameworks",
				);
				LIBRARY_SEARCH_PATHS = (
					"$(inherited)",
					"$(PROJECT_DIR)/VlcDemo/FFmpeg-iOS/lib",
				);
				PRODUCT_BUNDLE_IDENTIFIER = cn.vlcDemo.klive;
				PRODUCT_NAME = "$(TARGET_NAME)";
				TARGETED_DEVICE_FAMILY = "1,2";
			};
			name = Debug;
		};
		034D73DD21071E57008F1570 /* Release */ = {
			isa = XCBuildConfiguration;
			baseConfigurationReference = 2AB6C14FCA7DB9B967C3D007 /* Pods-VlcDemo.release.xcconfig */;
			buildSettings = {
				ASSETCATALOG_COMPILER_APPICON_NAME = AppIcon;
				CODE_SIGN_STYLE = Automatic;
				DEVELOPMENT_TEAM = 66X66NDTEY;
				ENABLE_BITCODE = NO;
				INFOPLIST_FILE = VlcDemo/Info.plist;
				LD_RUNPATH_SEARCH_PATHS = (
					"$(inherited)",
					"@executable_path/Frameworks",
				);
				LIBRARY_SEARCH_PATHS = (
					"$(inherited)",
					"$(PROJECT_DIR)/VlcDemo/FFmpeg-iOS/lib",
				);
				PRODUCT_BUNDLE_IDENTIFIER = cn.vlcDemo.klive;
				PRODUCT_NAME = "$(TARGET_NAME)";
				TARGETED_DEVICE_FAMILY = "1,2";
			};
			name = Release;
		};
/* End XCBuildConfiguration section */

/* Begin XCConfigurationList section */
		034D73C021071E56008F1570 /* Build configuration list for PBXProject "VlcDemo" */ = {
			isa = XCConfigurationList;
			buildConfigurations = (
				034D73D921071E57008F1570 /* Debug */,
				034D73DA21071E57008F1570 /* Release */,
			);
			defaultConfigurationIsVisible = 0;
			defaultConfigurationName = Release;
		};
		034D73DB21071E57008F1570 /* Build configuration list for PBXNativeTarget "VlcDemo" */ = {
			isa = XCConfigurationList;
			buildConfigurations = (
				034D73DC21071E57008F1570 /* Debug */,
				034D73DD21071E57008F1570 /* Release */,
			);
			defaultConfigurationIsVisible = 0;
			defaultConfigurationName = Release;
		};
/* End XCConfigurationList section */
	};
	rootObject = 034D73BD21071E56008F1570 /* Project object */;
}
